
Microsoft Visual Studio Solution File, Format Version 12.00
# Visual Studio Version 16
VisualStudioVersion = 16.0.29613.14
MinimumVisualStudioVersion = 10.0.40219.1
Project("{00D1A9C2-B5F0-4AF3-8072-F6C62B433612}") = "LBOfficeDB", "LBOfficeDB.sqlproj", "{0E826395-EA92-4359-AB41-A07BEC09613F}"
EndProject
Global
	GlobalSection(SolutionConfigurationPlatforms) = preSolution
		Debug|Any CPU = Debug|Any CPU
		Release|Any CPU = Release|Any CPU
	EndGlobalSection
	GlobalSection(ProjectConfigurationPlatforms) = postSolution
		{0E826395-EA92-4359-AB41-A07BEC09613F}.Debug|Any CPU.ActiveCfg = Debug|Any CPU
		{0E826395-EA92-4359-AB41-A07BEC09613F}.Debug|Any CPU.Build.0 = Debug|Any CPU
		{0E826395-EA92-4359-AB41-A07BEC09613F}.Debug|Any CPU.Deploy.0 = Debug|Any CPU
		{0E826395-EA92-4359-AB41-A07BEC09613F}.Release|Any CPU.ActiveCfg = Release|Any CPU
		{0E826395-EA92-4359-AB41-A07BEC09613F}.Release|Any CPU.Build.0 = Release|Any CPU
		{0E826395-EA92-4359-AB41-A07BEC09613F}.Release|Any CPU.Deploy.0 = Release|Any CPU
	EndGlobalSection
	GlobalSection(SolutionProperties) = preSolution
		HideSolutionNode = FALSE
	EndGlobalSection
	GlobalSection(ExtensibilityGlobals) = postSolution
		SolutionGuid = {3797AD2A-7911-45FB-B21D-C8309EA1FF45}
	EndGlobalSection
EndGlobal
